# This file was autogenerated by uv via the following command:
#    uv pip compile requirements.txt -o uv.lock
attrs==25.3.0
    # via
    #   -r requirements.txt
    #   cattrs
    #   requests-cache
beautifulsoup4==4.13.4
    # via -r requirements.txt
cattrs==25.1.1
    # via requests-cache
certifi==2025.6.15
    # via
    #   -r requirements.txt
    #   requests
charset-normalizer==3.4.2
    # via
    #   -r requirements.txt
    #   requests
idna==3.10
    # via
    #   -r requirements.txt
    #   requests
    #   url-normalize
platformdirs==4.3.8
    # via
    #   -r requirements.txt
    #   requests-cache
pytz==2025.2
    # via -r requirements.txt
requests==2.32.4
    # via
    #   -r requirements.txt
    #   requests-cache
requests-cache==1.2.1
    # via -r requirements.txt
setuptools==78.1.1
    # via -r requirements.txt
soupsieve==2.7
    # via
    #   -r requirements.txt
    #   beautifulsoup4
typing-extensions==4.14.0
    # via
    #   -r requirements.txt
    #   beautifulsoup4
    #   cattrs
url-normalize==2.2.1
    # via
    #   -r requirements.txt
    #   requests-cache
urllib3==2.5.0
    # via
    #   -r requirements.txt
    #   requests
    #   requests-cache
